
Microsoft Visual Studio Solution File, Format Version 12.00
# Visual Studio 14
VisualStudioVersion = 14.0.25123.0
MinimumVisualStudioVersion = 10.0.40219.1
Project("{2150E333-8FDC-42A3-9474-1A3956D46DE8}") = "src", "src", "{A879B916-9F54-4C8B-B0FF-2ADCDB2D81B8}"
EndProject
Project("{2150E333-8FDC-42A3-9474-1A3956D46DE8}") = "Solution Items", "Solution Items", "{0E17F6DB-4C2D-422B-AEC1-B70FBF6C707F}"
	ProjectSection(SolutionItems) = preProject
		global.json = global.json
	EndProjectSection
EndProject
Project("{8BB2217D-0F2D-49D1-97BC-3654ED321F3B}") = "PokemonStore", "src\PokemonStore\PokemonStore.xproj", "{67588880-E505-42A1-9BFB-95D8B4626646}"
EndProject
Global
	GlobalSection(SolutionConfigurationPlatforms) = preSolution
		Debug|Any CPU = Debug|Any CPU
		Release|Any CPU = Release|Any CPU
	EndGlobalSection
	GlobalSection(ProjectConfigurationPlatforms) = postSolution
		{67588880-E505-42A1-9BFB-95D8B4626646}.Debug|Any CPU.ActiveCfg = Debug|Any CPU
		{67588880-E505-42A1-9BFB-95D8B4626646}.Debug|Any CPU.Build.0 = Debug|Any CPU
		{67588880-E505-42A1-9BFB-95D8B4626646}.Release|Any CPU.ActiveCfg = Release|Any CPU
		{67588880-E505-42A1-9BFB-95D8B4626646}.Release|Any CPU.Build.0 = Release|Any CPU
	EndGlobalSection
	GlobalSection(SolutionProperties) = preSolution
		HideSolutionNode = FALSE
	EndGlobalSection
	GlobalSection(NestedProjects) = preSolution
		{67588880-E505-42A1-9BFB-95D8B4626646} = {A879B916-9F54-4C8B-B0FF-2ADCDB2D81B8}
	EndGlobalSection
EndGlobal
